// !$*UTF8*$!
{
	archiveVersion = 1;
	classes = {
	};
	objectVersion = 56;
	objects = {

/* Begin PBXBuildFile section */
		04A56BD92A45B163002C07E1 /* MinimalistWoodenFishApp.swift in Sources */ = {isa = PBXBuildFile; fileRef = 04A56BD82A45B163002C07E1 /* MinimalistWoodenFishApp.swift */; };
		04A56BDB2A45B163002C07E1 /* ContentView.swift in Sources */ = {isa = PBXBuildFile; fileRef = 04A56BDA2A45B163002C07E1 /* ContentView.swift */; };
		04A56BDD2A45B166002C07E1 /* Assets.xcassets in Resources */ = {isa = PBXBuildFile; fileRef = 04A56BDC2A45B166002C07E1 /* Assets.xcassets */; };
		04A56BE02A45B166002C07E1 /* Preview Assets.xcassets in Resources */ = {isa = PBXBuildFile; fileRef = 04A56BDF2A45B166002C07E1 /* Preview Assets.xcassets */; };
		04A56BEA2A45B166002C07E1 /* MinimalistWoodenFishTests.swift in Sources */ = {isa = PBXBuildFile; fileRef = 04A56BE92A45B166002C07E1 /* MinimalistWoodenFishTests.swift */; };
		04A56BF42A45B166002C07E1 /* MinimalistWoodenFishUITests.swift in Sources */ = {isa = PBXBuildFile; fileRef = 04A56BF32A45B166002C07E1 /* MinimalistWoodenFishUITests.swift */; };
		04A56BF62A45B166002C07E1 /* MinimalistWoodenFishUITestsLaunchTests.swift in Sources */ = {isa = PBXBuildFile; fileRef = 04A56BF52A45B166002C07E1 /* MinimalistWoodenFishUITestsLaunchTests.swift */; };
		04A56C072A45D107002C07E1 /* hit.wav in Resources */ = {isa = PBXBuildFile; fileRef = 04A56C062A45D107002C07E1 /* hit.wav */; };
/* End PBXBuildFile section */

/* Begin PBXContainerItemProxy section */
		04A56BE62A45B166002C07E1 /* PBXContainerItemProxy */ = {
			isa = PBXContainerItemProxy;
			containerPortal = 04A56BCD2A45B163002C07E1 /* Project object */;
			proxyType = 1;
			remoteGlobalIDString = 04A56BD42A45B163002C07E1;
			remoteInfo = MinimalistWoodenFish;
		};
		04A56BF02A45B166002C07E1 /* PBXContainerItemProxy */ = {
			isa = PBXContainerItemProxy;
			containerPortal = 04A56BCD2A45B163002C07E1 /* Project object */;
			proxyType = 1;
			remoteGlobalIDString = 04A56BD42A45B163002C07E1;
			remoteInfo = MinimalistWoodenFish;
		};
/* End PBXContainerItemProxy section */

/* Begin PBXFileReference section */
		04A56BD52A45B163002C07E1 /* MinimalistWoodenFish.app */ = {isa = PBXFileReference; explicitFileType = wrapper.application; includeInIndex = 0; path = MinimalistWoodenFish.app; sourceTree = BUILT_PRODUCTS_DIR; };
		04A56BD82A45B163002C07E1 /* MinimalistWoodenFishApp.swift */ = {isa = PBXFileReference; lastKnownFileType = sourcecode.swift; name = MinimalistWoodenFishApp.swift; path = MinimalistWoodenFish/MinimalistWoodenFishApp.swift; sourceTree = SOURCE_ROOT; };
		04A56BDA2A45B163002C07E1 /* ContentView.swift */ = {isa = PBXFileReference; lastKnownFileType = sourcecode.swift; name = ContentView.swift; path = MinimalistWoodenFish/ContentView.swift; sourceTree = SOURCE_ROOT; };
		04A56BDC2A45B166002C07E1 /* Assets.xcassets */ = {isa = PBXFileReference; lastKnownFileType = folder.assetcatalog; path = Assets.xcassets; sourceTree = "<group>"; };
		04A56BDF2A45B166002C07E1 /* Preview Assets.xcassets */ = {isa = PBXFileReference; lastKnownFileType = folder.assetcatalog; path = "Preview Assets.xcassets"; sourceTree = "<group>"; };
		04A56BE52A45B166002C07E1 /* MinimalistWoodenFishTests.xctest */ = {isa = PBXFileReference; explicitFileType = wrapper.cfbundle; includeInIndex = 0; path = MinimalistWoodenFishTests.xctest; sourceTree = BUILT_PRODUCTS_DIR; };
		04A56BE92A45B166002C07E1 /* MinimalistWoodenFishTests.swift */ = {isa = PBXFileReference; lastKnownFileType = sourcecode.swift; path = MinimalistWoodenFishTests.swift; sourceTree = "<group>"; };
		04A56BEF2A45B166002C07E1 /* MinimalistWoodenFishUITests.xctest */ = {isa = PBXFileReference; explicitFileType = wrapper.cfbundle; includeInIndex = 0; path = MinimalistWoodenFishUITests.xctest; sourceTree = BUILT_PRODUCTS_DIR; };
		04A56BF32A45B166002C07E1 /* MinimalistWoodenFishUITests.swift */ = {isa = PBXFileReference; lastKnownFileType = sourcecode.swift; path = MinimalistWoodenFishUITests.swift; sourceTree = "<group>"; };
		04A56BF52A45B166002C07E1 /* MinimalistWoodenFishUITestsLaunchTests.swift */ = {isa = PBXFileReference; lastKnownFileType = sourcecode.swift; path = MinimalistWoodenFishUITestsLaunchTests.swift; sourceTree = "<group>"; };
		04A56C062A45D107002C07E1 /* hit.wav */ = {isa = PBXFileReference; lastKnownFileType = audio.wav; name = hit.wav; path = /Users/qingyunzi/Documents/Developer/git_repo/APPLEDEV/MinimalistWoodenFish/hit.wav; sourceTree = "<absolute>"; };
/* End PBXFileReference section */

/* Begin PBXFrameworksBuildPhase section */
		04A56BD22A45B163002C07E1 /* Frameworks */ = {
			isa = PBXFrameworksBuildPhase;
			buildActionMask = 2147483647;
			files = (
			);
			runOnlyForDeploymentPostprocessing = 0;
		};
		04A56BE22A45B166002C07E1 /* Frameworks */ = {
			isa = PBXFrameworksBuildPhase;
			buildActionMask = 2147483647;
			files = (
			);
			runOnlyForDeploymentPostprocessing = 0;
		};
		04A56BEC2A45B166002C07E1 /* Frameworks */ = {
			isa = PBXFrameworksBuildPhase;
			buildActionMask = 2147483647;
			files = (
			);
			runOnlyForDeploymentPostprocessing = 0;
		};
/* End PBXFrameworksBuildPhase section */

/* Begin PBXGroup section */
		04A56BCC2A45B163002C07E1 = {
			isa = PBXGroup;
			children = (
				04A56C062A45D107002C07E1 /* hit.wav */,
				04A56BD72A45B163002C07E1 /* MinimalistWoodenFish */,
				04A56BE82A45B166002C07E1 /* MinimalistWoodenFishTests */,
				04A56BF22A45B166002C07E1 /* MinimalistWoodenFishUITests */,
				04A56BD62A45B163002C07E1 /* Products */,
			);
			sourceTree = "<group>";
		};
		04A56BD62A45B163002C07E1 /* Products */ = {
			isa = PBXGroup;
			children = (
				04A56BD52A45B163002C07E1 /* MinimalistWoodenFish.app */,
				04A56BE52A45B166002C07E1 /* MinimalistWoodenFishTests.xctest */,
				04A56BEF2A45B166002C07E1 /* MinimalistWoodenFishUITests.xctest */,
			);
			name = Products;
			sourceTree = "<group>";
		};
		04A56BD72A45B163002C07E1 /* MinimalistWoodenFish */ = {
			isa = PBXGroup;
			children = (
				04A56BD82A45B163002C07E1 /* MinimalistWoodenFishApp.swift */,
				04A56BDA2A45B163002C07E1 /* ContentView.swift */,
				04A56BDC2A45B166002C07E1 /* Assets.xcassets */,
				04A56BDE2A45B166002C07E1 /* Preview Content */,
			);
			path = MinimalistWoodenFish;
			sourceTree = "<group>";
		};
		04A56BDE2A45B166002C07E1 /* Preview Content */ = {
			isa = PBXGroup;
			children = (
				04A56BDF2A45B166002C07E1 /* Preview Assets.xcassets */,
			);
			path = "Preview Content";
			sourceTree = "<group>";
		};
		04A56BE82A45B166002C07E1 /* MinimalistWoodenFishTests */ = {
			isa = PBXGroup;
			children = (
				04A56BE92A45B166002C07E1 /* MinimalistWoodenFishTests.swift */,
			);
			path = MinimalistWoodenFishTests;
			sourceTree = "<group>";
		};
		04A56BF22A45B166002C07E1 /* MinimalistWoodenFishUITests */ = {
			isa = PBXGroup;
			children = (
				04A56BF32A45B166002C07E1 /* MinimalistWoodenFishUITests.swift */,
				04A56BF52A45B166002C07E1 /* MinimalistWoodenFishUITestsLaunchTests.swift */,
			);
			path = MinimalistWoodenFishUITests;
			sourceTree = "<group>";
		};
/* End PBXGroup section */

/* Begin PBXNativeTarget section */
		04A56BD42A45B163002C07E1 /* MinimalistWoodenFish */ = {
			isa = PBXNativeTarget;
			buildConfigurationList = 04A56BF92A45B166002C07E1 /* Build configuration list for PBXNativeTarget "MinimalistWoodenFish" */;
			buildPhases = (
				04A56BD12A45B163002C07E1 /* Sources */,
				04A56BD22A45B163002C07E1 /* Frameworks */,
				04A56BD32A45B163002C07E1 /* Resources */,
			);
			buildRules = (
			);
			dependencies = (
			);
			name = MinimalistWoodenFish;
			productName = MinimalistWoodenFish;
			productReference = 04A56BD52A45B163002C07E1 /* MinimalistWoodenFish.app */;
			productType = "com.apple.product-type.application";
		};
		04A56BE42A45B166002C07E1 /* MinimalistWoodenFishTests */ = {
			isa = PBXNativeTarget;
			buildConfigurationList = 04A56BFC2A45B166002C07E1 /* Build configuration list for PBXNativeTarget "MinimalistWoodenFishTests" */;
			buildPhases = (
				04A56BE12A45B166002C07E1 /* Sources */,
				04A56BE22A45B166002C07E1 /* Frameworks */,
				04A56BE32A45B166002C07E1 /* Resources */,
			);
			buildRules = (
			);
			dependencies = (
				04A56BE72A45B166002C07E1 /* PBXTargetDependency */,
			);
			name = MinimalistWoodenFishTests;
			productName = MinimalistWoodenFishTests;
			productReference = 04A56BE52A45B166002C07E1 /* MinimalistWoodenFishTests.xctest */;
			productType = "com.apple.product-type.bundle.unit-test";
		};
		04A56BEE2A45B166002C07E1 /* MinimalistWoodenFishUITests */ = {
			isa = PBXNativeTarget;
			buildConfigurationList = 04A56BFF2A45B166002C07E1 /* Build configuration list for PBXNativeTarget "MinimalistWoodenFishUITests" */;
			buildPhases = (
				04A56BEB2A45B166002C07E1 /* Sources */,
				04A56BEC2A45B166002C07E1 /* Frameworks */,
				04A56BED2A45B166002C07E1 /* Resources */,
			);
			buildRules = (
			);
			dependencies = (
				04A56BF12A45B166002C07E1 /* PBXTargetDependency */,
			);
			name = MinimalistWoodenFishUITests;
			productName = MinimalistWoodenFishUITests;
			productReference = 04A56BEF2A45B166002C07E1 /* MinimalistWoodenFishUITests.xctest */;
			productType = "com.apple.product-type.bundle.ui-testing";
		};
/* End PBXNativeTarget section */

/* Begin PBXProject section */
		04A56BCD2A45B163002C07E1 /* Project object */ = {
			isa = PBXProject;
			attributes = {
				BuildIndependentTargetsInParallel = 1;
				LastSwiftUpdateCheck = 1400;
				LastUpgradeCheck = 1400;
				TargetAttributes = {
					04A56BD42A45B163002C07E1 = {
						CreatedOnToolsVersion = 14.0;
					};
					04A56BE42A45B166002C07E1 = {
						CreatedOnToolsVersion = 14.0;
						TestTargetID = 04A56BD42A45B163002C07E1;
					};
					04A56BEE2A45B166002C07E1 = {
						CreatedOnToolsVersion = 14.0;
						TestTargetID = 04A56BD42A45B163002C07E1;
					};
				};
			};
			buildConfigurationList = 04A56BD02A45B163002C07E1 /* Build configuration list for PBXProject "MinimalistWoodenFish" */;
			compatibilityVersion = "Xcode 14.0";
			developmentRegion = en;
			hasScannedForEncodings = 0;
			knownRegions = (
				en,
				Base,
			);
			mainGroup = 04A56BCC2A45B163002C07E1;
			productRefGroup = 04A56BD62A45B163002C07E1 /* Products */;
			projectDirPath = "";
			projectRoot = "";
			targets = (
				04A56BD42A45B163002C07E1 /* MinimalistWoodenFish */,
				04A56BE42A45B166002C07E1 /* MinimalistWoodenFishTests */,
				04A56BEE2A45B166002C07E1 /* MinimalistWoodenFishUITests */,
			);
		};
/* End PBXProject section */

/* Begin PBXResourcesBuildPhase section */
		04A56BD32A45B163002C07E1 /* Resources */ = {
			isa = PBXResourcesBuildPhase;
			buildActionMask = 2147483647;
			files = (
				04A56C072A45D107002C07E1 /* hit.wav in Resources */,
				04A56BE02A45B166002C07E1 /* Preview Assets.xcassets in Resources */,
				04A56BDD2A45B166002C07E1 /* Assets.xcassets in Resources */,
			);
			runOnlyForDeploymentPostprocessing = 0;
		};
		04A56BE32A45B166002C07E1 /* Resources */ = {
			isa = PBXResourcesBuildPhase;
			buildActionMask = 2147483647;
			files = (
			);
			runOnlyForDeploymentPostprocessing = 0;
		};
		04A56BED2A45B166002C07E1 /* Resources */ = {
			isa = PBXResourcesBuildPhase;
			buildActionMask = 2147483647;
			files = (
			);
			runOnlyForDeploymentPostprocessing = 0;
		};
/* End PBXResourcesBuildPhase section */

/* Begin PBXSourcesBuildPhase section */
		04A56BD12A45B163002C07E1 /* Sources */ = {
			isa = PBXSourcesBuildPhase;
			buildActionMask = 2147483647;
			files = (
				04A56BDB2A45B163002C07E1 /* ContentView.swift in Sources */,
				04A56BD92A45B163002C07E1 /* MinimalistWoodenFishApp.swift in Sources */,
			);
			runOnlyForDeploymentPostprocessing = 0;
		};
		04A56BE12A45B166002C07E1 /* Sources */ = {
			isa = PBXSourcesBuildPhase;
			buildActionMask = 2147483647;
			files = (
				04A56BEA2A45B166002C07E1 /* MinimalistWoodenFishTests.swift in Sources */,
			);
			runOnlyForDeploymentPostprocessing = 0;
		};
		04A56BEB2A45B166002C07E1 /* Sources */ = {
			isa = PBXSourcesBuildPhase;
			buildActionMask = 2147483647;
			files = (
				04A56BF42A45B166002C07E1 /* MinimalistWoodenFishUITests.swift in Sources */,
				04A56BF62A45B166002C07E1 /* MinimalistWoodenFishUITestsLaunchTests.swift in Sources */,
			);
			runOnlyForDeploymentPostprocessing = 0;
		};
/* End PBXSourcesBuildPhase section */

/* Begin PBXTargetDependency section */
		04A56BE72A45B166002C07E1 /* PBXTargetDependency */ = {
			isa = PBXTargetDependency;
			target = 04A56BD42A45B163002C07E1 /* MinimalistWoodenFish */;
			targetProxy = 04A56BE62A45B166002C07E1 /* PBXContainerItemProxy */;
		};
		04A56BF12A45B166002C07E1 /* PBXTargetDependency */ = {
			isa = PBXTargetDependency;
			target = 04A56BD42A45B163002C07E1 /* MinimalistWoodenFish */;
			targetProxy = 04A56BF02A45B166002C07E1 /* PBXContainerItemProxy */;
		};
/* End PBXTargetDependency section */

/* Begin XCBuildConfiguration section */
		04A56BF72A45B166002C07E1 /* Debug */ = {
			isa = XCBuildConfiguration;
			buildSettings = {
				ALWAYS_SEARCH_USER_PATHS = NO;
				CLANG_ANALYZER_NONNULL = YES;
				CLANG_ANALYZER_NUMBER_OBJECT_CONVERSION = YES_AGGRESSIVE;
				CLANG_CXX_LANGUAGE_STANDARD = "gnu++20";
				CLANG_ENABLE_MODULES = YES;
				CLANG_ENABLE_OBJC_ARC = YES;
				CLANG_ENABLE_OBJC_WEAK = YES;
				CLANG_WARN_BLOCK_CAPTURE_AUTORELEASING = YES;
				CLANG_WARN_BOOL_CONVERSION = YES;
				CLANG_WARN_COMMA = YES;
				CLANG_WARN_CONSTANT_CONVERSION = YES;
				CLANG_WARN_DEPRECATED_OBJC_IMPLEMENTATIONS = YES;
				CLANG_WARN_DIRECT_OBJC_ISA_USAGE = YES_ERROR;
				CLANG_WARN_DOCUMENTATION_COMMENTS = YES;
				CLANG_WARN_EMPTY_BODY = YES;
				CLANG_WARN_ENUM_CONVERSION = YES;
				CLANG_WARN_INFINITE_RECURSION = YES;
				CLANG_WARN_INT_CONVERSION = YES;
				CLANG_WARN_NON_LITERAL_NULL_CONVERSION = YES;
				CLANG_WARN_OBJC_IMPLICIT_RETAIN_SELF = YES;
				CLANG_WARN_OBJC_LITERAL_CONVERSION = YES;
				CLANG_WARN_OBJC_ROOT_CLASS = YES_ERROR;
				CLANG_WARN_QUOTED_INCLUDE_IN_FRAMEWORK_HEADER = YES;
				CLANG_WARN_RANGE_LOOP_ANALYSIS = YES;
				CLANG_WARN_STRICT_PROTOTYPES = YES;
				CLANG_WARN_SUSPICIOUS_MOVE = YES;
				CLANG_WARN_UNGUARDED_AVAILABILITY = YES_AGGRESSIVE;
				CLANG_WARN_UNREACHABLE_CODE = YES;
				CLANG_WARN__DUPLICATE_METHOD_MATCH = YES;
				COPY_PHASE_STRIP = NO;
				DEBUG_INFORMATION_FORMAT = dwarf;
				ENABLE_STRICT_OBJC_MSGSEND = YES;
				ENABLE_TESTABILITY = YES;
				GCC_C_LANGUAGE_STANDARD = gnu11;
				GCC_DYNAMIC_NO_PIC = NO;
				GCC_NO_COMMON_BLOCKS = YES;
				GCC_OPTIMIZATION_LEVEL = 0;
				GCC_PREPROCESSOR_DEFINITIONS = (
					"DEBUG=1",
					"$(inherited)",
				);
				GCC_WARN_64_TO_32_BIT_CONVERSION = YES;
				GCC_WARN_ABOUT_RETURN_TYPE = YES_ERROR;
				GCC_WARN_UNDECLARED_SELECTOR = YES;
				GCC_WARN_UNINITIALIZED_AUTOS = YES_AGGRESSIVE;
				GCC_WARN_UNUSED_FUNCTION = YES;
				GCC_WARN_UNUSED_VARIABLE = YES;
				IPHONEOS_DEPLOYMENT_TARGET = 16.0;
				MTL_ENABLE_DEBUG_INFO = INCLUDE_SOURCE;
				MTL_FAST_MATH = YES;
				ONLY_ACTIVE_ARCH = YES;
				SDKROOT = iphoneos;
				SWIFT_ACTIVE_COMPILATION_CONDITIONS = DEBUG;
				SWIFT_OPTIMIZATION_LEVEL = "-Onone";
			};
			name = Debug;
		};
		04A56BF82A45B166002C07E1 /* Release */ = {
			isa = XCBuildConfiguration;
			buildSettings = {
				ALWAYS_SEARCH_USER_PATHS = NO;
				CLANG_ANALYZER_NONNULL = YES;
				CLANG_ANALYZER_NUMBER_OBJECT_CONVERSION = YES_AGGRESSIVE;
				CLANG_CXX_LANGUAGE_STANDARD = "gnu++20";
				CLANG_ENABLE_MODULES = YES;
				CLANG_ENABLE_OBJC_ARC = YES;
				CLANG_ENABLE_OBJC_WEAK = YES;
				CLANG_WARN_BLOCK_CAPTURE_AUTORELEASING = YES;
				CLANG_WARN_BOOL_CONVERSION = YES;
				CLANG_WARN_COMMA = YES;
				CLANG_WARN_CONSTANT_CONVERSION = YES;
				CLANG_WARN_DEPRECATED_OBJC_IMPLEMENTATIONS = YES;
				CLANG_WARN_DIRECT_OBJC_ISA_USAGE = YES_ERROR;
				CLANG_WARN_DOCUMENTATION_COMMENTS = YES;
				CLANG_WARN_EMPTY_BODY = YES;
				CLANG_WARN_ENUM_CONVERSION = YES;
				CLANG_WARN_INFINITE_RECURSION = YES;
				CLANG_WARN_INT_CONVERSION = YES;
				CLANG_WARN_NON_LITERAL_NULL_CONVERSION = YES;
				CLANG_WARN_OBJC_IMPLICIT_RETAIN_SELF = YES;
				CLANG_WARN_OBJC_LITERAL_CONVERSION = YES;
				CLANG_WARN_OBJC_ROOT_CLASS = YES_ERROR;
				CLANG_WARN_QUOTED_INCLUDE_IN_FRAMEWORK_HEADER = YES;
				CLANG_WARN_RANGE_LOOP_ANALYSIS = YES;
				CLANG_WARN_STRICT_PROTOTYPES = YES;
				CLANG_WARN_SUSPICIOUS_MOVE = YES;
				CLANG_WARN_UNGUARDED_AVAILABILITY = YES_AGGRESSIVE;
				CLANG_WARN_UNREACHABLE_CODE = YES;
				CLANG_WARN__DUPLICATE_METHOD_MATCH = YES;
				COPY_PHASE_STRIP = NO;
				DEBUG_INFORMATION_FORMAT = "dwarf-with-dsym";
				ENABLE_NS_ASSERTIONS = NO;
				ENABLE_STRICT_OBJC_MSGSEND = YES;
				GCC_C_LANGUAGE_STANDARD = gnu11;
				GCC_NO_COMMON_BLOCKS = YES;
				GCC_WARN_64_TO_32_BIT_CONVERSION = YES;
				GCC_WARN_ABOUT_RETURN_TYPE = YES_ERROR;
				GCC_WARN_UNDECLARED_SELECTOR = YES;
				GCC_WARN_UNINITIALIZED_AUTOS = YES_AGGRESSIVE;
				GCC_WARN_UNUSED_FUNCTION = YES;
				GCC_WARN_UNUSED_VARIABLE = YES;
				IPHONEOS_DEPLOYMENT_TARGET = 16.0;
				MTL_ENABLE_DEBUG_INFO = NO;
				MTL_FAST_MATH = YES;
				SDKROOT = iphoneos;
				SWIFT_COMPILATION_MODE = wholemodule;
				SWIFT_OPTIMIZATION_LEVEL = "-O";
				VALIDATE_PRODUCT = YES;
			};
			name = Release;
		};
		04A56BFA2A45B166002C07E1 /* Debug */ = {
			isa = XCBuildConfiguration;
			buildSettings = {
				ASSETCATALOG_COMPILER_APPICON_NAME = AppIcon;
				ASSETCATALOG_COMPILER_GLOBAL_ACCENT_COLOR_NAME = AccentColor;
				CODE_SIGN_STYLE = Automatic;
				CURRENT_PROJECT_VERSION = 1;
				DEVELOPMENT_ASSET_PATHS = "\"MinimalistWoodenFish/Preview Content\"";
				DEVELOPMENT_TEAM = 98LZ2FS9JP;
				ENABLE_PREVIEWS = YES;
				GENERATE_INFOPLIST_FILE = YES;
				INFOPLIST_KEY_CFBundleDisplayName = "极简木鱼";
				INFOPLIST_KEY_UIApplicationSceneManifest_Generation = YES;
				INFOPLIST_KEY_UIApplicationSupportsIndirectInputEvents = YES;
				INFOPLIST_KEY_UILaunchScreen_Generation = YES;
				INFOPLIST_KEY_UISupportedInterfaceOrientations_iPad = "UIInterfaceOrientationPortrait UIInterfaceOrientationPortraitUpsideDown UIInterfaceOrientationLandscapeLeft UIInterfaceOrientationLandscapeRight";
				INFOPLIST_KEY_UISupportedInterfaceOrientations_iPhone = "UIInterfaceOrientationPortrait UIInterfaceOrientationLandscapeLeft UIInterfaceOrientationLandscapeRight";
				IPHONEOS_DEPLOYMENT_TARGET = 16.0;
				LD_RUNPATH_SEARCH_PATHS = (
					"$(inherited)",
					"@executable_path/Frameworks",
				);
				MARKETING_VERSION = 1.0;
				PRODUCT_BUNDLE_IDENTIFIER = wcg.MinimalistWoodenFish;
				PRODUCT_NAME = "$(TARGET_NAME)";
				SWIFT_EMIT_LOC_STRINGS = YES;
				SWIFT_VERSION = 5.0;
				TARGETED_DEVICE_FAMILY = "1,2";
			};
			name = Debug;
		};
		04A56BFB2A45B166002C07E1 /* Release */ = {
			isa = XCBuildConfiguration;
			buildSettings = {
				ASSETCATALOG_COMPILER_APPICON_NAME = AppIcon;
				ASSETCATALOG_COMPILER_GLOBAL_ACCENT_COLOR_NAME = AccentColor;
				CODE_SIGN_STYLE = Automatic;
				CURRENT_PROJECT_VERSION = 1;
				DEVELOPMENT_ASSET_PATHS = "\"MinimalistWoodenFish/Preview Content\"";
				DEVELOPMENT_TEAM = 98LZ2FS9JP;
				ENABLE_PREVIEWS = YES;
				GENERATE_INFOPLIST_FILE = YES;
				INFOPLIST_KEY_CFBundleDisplayName = "极简木鱼";
				INFOPLIST_KEY_UIApplicationSceneManifest_Generation = YES;
				INFOPLIST_KEY_UIApplicationSupportsIndirectInputEvents = YES;
				INFOPLIST_KEY_UILaunchScreen_Generation = YES;
				INFOPLIST_KEY_UISupportedInterfaceOrientations_iPad = "UIInterfaceOrientationPortrait UIInterfaceOrientationPortraitUpsideDown UIInterfaceOrientationLandscapeLeft UIInterfaceOrientationLandscapeRight";
				INFOPLIST_KEY_UISupportedInterfaceOrientations_iPhone = "UIInterfaceOrientationPortrait UIInterfaceOrientationLandscapeLeft UIInterfaceOrientationLandscapeRight";
				IPHONEOS_DEPLOYMENT_TARGET = 16.0;
				LD_RUNPATH_SEARCH_PATHS = (
					"$(inherited)",
					"@executable_path/Frameworks",
				);
				MARKETING_VERSION = 1.0;
				PRODUCT_BUNDLE_IDENTIFIER = wcg.MinimalistWoodenFish;
				PRODUCT_NAME = "$(TARGET_NAME)";
				SWIFT_EMIT_LOC_STRINGS = YES;
				SWIFT_VERSION = 5.0;
				TARGETED_DEVICE_FAMILY = "1,2";
			};
			name = Release;
		};
		04A56BFD2A45B166002C07E1 /* Debug */ = {
			isa = XCBuildConfiguration;
			buildSettings = {
				ALWAYS_EMBED_SWIFT_STANDARD_LIBRARIES = YES;
				BUNDLE_LOADER = "$(TEST_HOST)";
				CODE_SIGN_STYLE = Automatic;
				CURRENT_PROJECT_VERSION = 1;
				DEVELOPMENT_TEAM = 98LZ2FS9JP;
				GENERATE_INFOPLIST_FILE = YES;
				IPHONEOS_DEPLOYMENT_TARGET = 16.4;
				MARKETING_VERSION = 1.0;
				PRODUCT_BUNDLE_IDENTIFIER = wcg.MinimalistWoodenFishTests;
				PRODUCT_NAME = "$(TARGET_NAME)";
				SWIFT_EMIT_LOC_STRINGS = NO;
				SWIFT_VERSION = 5.0;
				TARGETED_DEVICE_FAMILY = "1,2";
				TEST_HOST = "$(BUILT_PRODUCTS_DIR)/MinimalistWoodenFish.app/$(BUNDLE_EXECUTABLE_FOLDER_PATH)/MinimalistWoodenFish";
			};
			name = Debug;
		};
		04A56BFE2A45B166002C07E1 /* Release */ = {
			isa = XCBuildConfiguration;
			buildSettings = {
				ALWAYS_EMBED_SWIFT_STANDARD_LIBRARIES = YES;
				BUNDLE_LOADER = "$(TEST_HOST)";
				CODE_SIGN_STYLE = Automatic;
				CURRENT_PROJECT_VERSION = 1;
				DEVELOPMENT_TEAM = 98LZ2FS9JP;
				GENERATE_INFOPLIST_FILE = YES;
				IPHONEOS_DEPLOYMENT_TARGET = 16.4;
				MARKETING_VERSION = 1.0;
				PRODUCT_BUNDLE_IDENTIFIER = wcg.MinimalistWoodenFishTests;
				PRODUCT_NAME = "$(TARGET_NAME)";
				SWIFT_EMIT_LOC_STRINGS = NO;
				SWIFT_VERSION = 5.0;
				TARGETED_DEVICE_FAMILY = "1,2";
				TEST_HOST = "$(BUILT_PRODUCTS_DIR)/MinimalistWoodenFish.app/$(BUNDLE_EXECUTABLE_FOLDER_PATH)/MinimalistWoodenFish";
			};
			name = Release;
		};
		04A56C002A45B166002C07E1 /* Debug */ = {
			isa = XCBuildConfiguration;
			buildSettings = {
				ALWAYS_EMBED_SWIFT_STANDARD_LIBRARIES = YES;
				CODE_SIGN_STYLE = Automatic;
				CURRENT_PROJECT_VERSION = 1;
				DEVELOPMENT_TEAM = 98LZ2FS9JP;
				GENERATE_INFOPLIST_FILE = YES;
				MARKETING_VERSION = 1.0;
				PRODUCT_BUNDLE_IDENTIFIER = wcg.MinimalistWoodenFishUITests;
				PRODUCT_NAME = "$(TARGET_NAME)";
				SWIFT_EMIT_LOC_STRINGS = NO;
				SWIFT_VERSION = 5.0;
				TARGETED_DEVICE_FAMILY = "1,2";
				TEST_TARGET_NAME = MinimalistWoodenFish;
			};
			name = Debug;
		};
		04A56C012A45B166002C07E1 /* Release */ = {
			isa = XCBuildConfiguration;
			buildSettings = {
				ALWAYS_EMBED_SWIFT_STANDARD_LIBRARIES = YES;
				CODE_SIGN_STYLE = Automatic;
				CURRENT_PROJECT_VERSION = 1;
				DEVELOPMENT_TEAM = 98LZ2FS9JP;
				GENERATE_INFOPLIST_FILE = YES;
				MARKETING_VERSION = 1.0;
				PRODUCT_BUNDLE_IDENTIFIER = wcg.MinimalistWoodenFishUITests;
				PRODUCT_NAME = "$(TARGET_NAME)";
				SWIFT_EMIT_LOC_STRINGS = NO;
				SWIFT_VERSION = 5.0;
				TARGETED_DEVICE_FAMILY = "1,2";
				TEST_TARGET_NAME = MinimalistWoodenFish;
			};
			name = Release;
		};
/* End XCBuildConfiguration section */

/* Begin XCConfigurationList section */
		04A56BD02A45B163002C07E1 /* Build configuration list for PBXProject "MinimalistWoodenFish" */ = {
			isa = XCConfigurationList;
			buildConfigurations = (
				04A56BF72A45B166002C07E1 /* Debug */,
				04A56BF82A45B166002C07E1 /* Release */,
			);
			defaultConfigurationIsVisible = 0;
			defaultConfigurationName = Release;
		};
		04A56BF92A45B166002C07E1 /* Build configuration list for PBXNativeTarget "MinimalistWoodenFish" */ = {
			isa = XCConfigurationList;
			buildConfigurations = (
				04A56BFA2A45B166002C07E1 /* Debug */,
				04A56BFB2A45B166002C07E1 /* Release */,
			);
			defaultConfigurationIsVisible = 0;
			defaultConfigurationName = Release;
		};
		04A56BFC2A45B166002C07E1 /* Build configuration list for PBXNativeTarget "MinimalistWoodenFishTests" */ = {
			isa = XCConfigurationList;
			buildConfigurations = (
				04A56BFD2A45B166002C07E1 /* Debug */,
				04A56BFE2A45B166002C07E1 /* Release */,
			);
			defaultConfigurationIsVisible = 0;
			defaultConfigurationName = Release;
		};
		04A56BFF2A45B166002C07E1 /* Build configuration list for PBXNativeTarget "MinimalistWoodenFishUITests" */ = {
			isa = XCConfigurationList;
			buildConfigurations = (
				04A56C002A45B166002C07E1 /* Debug */,
				04A56C012A45B166002C07E1 /* Release */,
			);
			defaultConfigurationIsVisible = 0;
			defaultConfigurationName = Release;
		};
/* End XCConfigurationList section */
	};
	rootObject = 04A56BCD2A45B163002C07E1 /* Project object */;
}
